# This file is automatically @generated by Poetry 1.8.2 and should not be changed by hand.

[[package]]
name = "anyio"
version = "4.4.0"
description = "High level compatibility layer for multiple asynchronous event loop implementations"
optional = false
python-versions = ">=3.8"
files = [
    {file = "anyio-4.4.0-py3-none-any.whl", hash = "sha256:c1b2d8f46a8a812513012e1107cb0e68c17159a7a594208005a57dc776e1bdc7"},
    {file = "anyio-4.4.0.tar.gz", hash = "sha256:5aadc6a1bbb7cdb0bede386cac5e2940f5e2ff3aa20277e991cf028e0585ce94"},
]

[package.dependencies]
idna = ">=2.8"
sniffio = ">=1.1"

[package.extras]
doc = ["Sphinx (>=7)", "packaging", "sphinx-autodoc-typehints (>=1.2.0)", "sphinx-rtd-theme"]
test = ["anyio[trio]", "coverage[toml] (>=7)", "exceptiongroup (>=1.2.0)", "hypothesis (>=4.0)", "psutil (>=5.9)", "pytest (>=7.0)", "pytest-mock (>=3.6.1)", "trustme", "uvloop (>=0.17)"]
trio = ["trio (>=0.23)"]

[[package]]
name = "arrow"
version = "1.3.0"
description = "Better dates & times for Python"
optional = false
python-versions = ">=3.8"
files = [
    {file = "arrow-1.3.0-py3-none-any.whl", hash = "sha256:c728b120ebc00eb84e01882a6f5e7927a53960aa990ce7dd2b10f39005a67f80"},
    {file = "arrow-1.3.0.tar.gz", hash = "sha256:d4540617648cb5f895730f1ad8c82a65f2dad0166f57b75f3ca54759c4d67a85"},
]

[package.dependencies]
python-dateutil = ">=2.7.0"
types-python-dateutil = ">=2.8.10"

[package.extras]
doc = ["doc8", "sphinx (>=7.0.0)", "sphinx-autobuild", "sphinx-autodoc-typehints", "sphinx_rtd_theme (>=1.3.0)"]
test = ["dateparser (==1.*)", "pre-commit", "pytest", "pytest-cov", "pytest-mock", "pytz (==2021.1)", "simplejson (==3.*)"]

[[package]]
name = "attrs"
version = "23.2.0"
description = "Classes Without Boilerplate"
optional = false
python-versions = ">=3.7"
files = [
    {file = "attrs-23.2.0-py3-none-any.whl", hash = "sha256:99b87a485a5820b23b879f04c2305b44b951b502fd64be915879d77a7e8fc6f1"},
    {file = "attrs-23.2.0.tar.gz", hash = "sha256:935dc3b529c262f6cf76e50877d35a4bd3c1de194fd41f47a2b7ae8f19971f30"},
]

[package.extras]
cov = ["attrs[tests]", "coverage[toml] (>=5.3)"]
dev = ["attrs[tests]", "pre-commit"]
docs = ["furo", "myst-parser", "sphinx", "sphinx-notfound-page", "sphinxcontrib-towncrier", "towncrier", "zope-interface"]
tests = ["attrs[tests-no-zope]", "zope-interface"]
tests-mypy = ["mypy (>=1.6)", "pytest-mypy-plugins"]
tests-no-zope = ["attrs[tests-mypy]", "cloudpickle", "hypothesis", "pympler", "pytest (>=4.3.0)", "pytest-xdist[psutil]"]

[[package]]
name = "cattrs"
version = "23.2.3"
description = "Composable complex class support for attrs and dataclasses."
optional = false
python-versions = ">=3.8"
files = [
    {file = "cattrs-23.2.3-py3-none-any.whl", hash = "sha256:0341994d94971052e9ee70662542699a3162ea1e0c62f7ce1b4a57f563685108"},
    {file = "cattrs-23.2.3.tar.gz", hash = "sha256:a934090d95abaa9e911dac357e3a8699e0b4b14f8529bcc7d2b1ad9d51672b9f"},
]

[package.dependencies]
attrs = ">=23.1.0"

[package.extras]
bson = ["pymongo (>=4.4.0)"]
cbor2 = ["cbor2 (>=5.4.6)"]
msgpack = ["msgpack (>=1.0.5)"]
orjson = ["orjson (>=3.9.2)"]
pyyaml = ["pyyaml (>=6.0)"]
tomlkit = ["tomlkit (>=0.11.8)"]
ujson = ["ujson (>=5.7.0)"]

[[package]]
name = "certifi"
version = "2024.7.4"
description = "Python package for providing Mozilla's CA Bundle."
optional = false
python-versions = ">=3.6"
files = [
    {file = "certifi-2024.7.4-py3-none-any.whl", hash = "sha256:c198e21b1289c2ab85ee4e67bb4b4ef3ead0892059901a8d5b622f24a1101e90"},
    {file = "certifi-2024.7.4.tar.gz", hash = "sha256:5a1e7645bc0ec61a09e26c36f6106dd4cf40c6db3a1fb6352b0244e7fb057c7b"},
]

[[package]]
name = "h11"
version = "0.14.0"
description = "A pure-Python, bring-your-own-I/O implementation of HTTP/1.1"
optional = false
python-versions = ">=3.7"
files = [
    {file = "h11-0.14.0-py3-none-any.whl", hash = "sha256:e3fe4ac4b851c468cc8363d500db52c2ead036020723024a109d37346efaa761"},
    {file = "h11-0.14.0.tar.gz", hash = "sha256:8f19fbbe99e72420ff35c00b27a34cb9937e902a8b810e2c88300c6f0a3b699d"},
]

[[package]]
name = "httpcore"
version = "1.0.5"
description = "A minimal low-level HTTP client."
optional = false
python-versions = ">=3.8"
files = [
    {file = "httpcore-1.0.5-py3-none-any.whl", hash = "sha256:421f18bac248b25d310f3cacd198d55b8e6125c107797b609ff9b7a6ba7991b5"},
    {file = "httpcore-1.0.5.tar.gz", hash = "sha256:34a38e2f9291467ee3b44e89dd52615370e152954ba21721378a87b2960f7a61"},
]

[package.dependencies]
certifi = "*"
h11 = ">=0.13,<0.15"

[package.extras]
asyncio = ["anyio (>=4.0,<5.0)"]
http2 = ["h2 (>=3,<5)"]
socks = ["socksio (==1.*)"]
trio = ["trio (>=0.22.0,<0.26.0)"]

[[package]]
name = "httpx"
version = "0.27.0"
description = "The next generation HTTP client."
optional = false
python-versions = ">=3.8"
files = [
    {file = "httpx-0.27.0-py3-none-any.whl", hash = "sha256:71d5465162c13681bff01ad59b2cc68dd838ea1f10e51574bac27103f00c91a5"},
    {file = "httpx-0.27.0.tar.gz", hash = "sha256:a0cb88a46f32dc874e04ee956e4c2764aba2aa228f650b06788ba6bda2962ab5"},
]

[package.dependencies]
anyio = "*"
certifi = "*"
httpcore = "==1.*"
idna = "*"
sniffio = "*"

[package.extras]
brotli = ["brotli", "brotlicffi"]
cli = ["click (==8.*)", "pygments (==2.*)", "rich (>=10,<14)"]
http2 = ["h2 (>=3,<5)"]
socks = ["socksio (==1.*)"]

[[package]]
name = "idna"
version = "3.7"
description = "Internationalized Domain Names in Applications (IDNA)"
optional = false
python-versions = ">=3.5"
files = [
    {file = "idna-3.7-py3-none-any.whl", hash = "sha256:82fee1fc78add43492d3a1898bfa6d8a904cc97d8427f683ed8e798d07761aa0"},
    {file = "idna-3.7.tar.gz", hash = "sha256:028ff3aadf0609c1fd278d8ea3089299412a7a8b9bd005dd08b9f8285bcb5cfc"},
]

[[package]]
name = "markdown-it-py"
version = "3.0.0"
description = "Python port of markdown-it. Markdown parsing, done right!"
optional = false
python-versions = ">=3.8"
files = [
    {file = "markdown-it-py-3.0.0.tar.gz", hash = "sha256:e3f60a94fa066dc52ec76661e37c851cb232d92f9886b15cb560aaada2df8feb"},
    {file = "markdown_it_py-3.0.0-py3-none-any.whl", hash = "sha256:355216845c60bd96232cd8d8c40e8f9765cc86f46880e43a8fd22dc1a1a8cab1"},
]

[package.dependencies]
mdurl = ">=0.1,<1.0"

[package.extras]
benchmarking = ["psutil", "pytest", "pytest-benchmark"]
code-style = ["pre-commit (>=3.0,<4.0)"]
compare = ["commonmark (>=0.9,<1.0)", "markdown (>=3.4,<4.0)", "mistletoe (>=1.0,<2.0)", "mistune (>=2.0,<3.0)", "panflute (>=2.3,<3.0)"]
linkify = ["linkify-it-py (>=1,<3)"]
plugins = ["mdit-py-plugins"]
profiling = ["gprof2dot"]
rtd = ["jupyter_sphinx", "mdit-py-plugins", "myst-parser", "pyyaml", "sphinx", "sphinx-copybutton", "sphinx-design", "sphinx_book_theme"]
testing = ["coverage", "pytest", "pytest-cov", "pytest-regressions"]

[[package]]
name = "mdurl"
version = "0.1.2"
description = "Markdown URL utilities"
optional = false
python-versions = ">=3.7"
files = [
    {file = "mdurl-0.1.2-py3-none-any.whl", hash = "sha256:84008a41e51615a49fc9966191ff91509e3c40b939176e643fd50a5c2196b8f8"},
    {file = "mdurl-0.1.2.tar.gz", hash = "sha256:bb413d29f5eea38f31dd4754dd7377d4465116fb207585f97bf925588687c1ba"},
]

[[package]]
name = "more-itertools"
version = "10.3.0"
description = "More routines for operating on iterables, beyond itertools"
optional = false
python-versions = ">=3.8"
files = [
    {file = "more-itertools-10.3.0.tar.gz", hash = "sha256:e5d93ef411224fbcef366a6e8ddc4c5781bc6359d43412a65dd5964e46111463"},
    {file = "more_itertools-10.3.0-py3-none-any.whl", hash = "sha256:ea6a02e24a9161e51faad17a8782b92a0df82c12c1c8886fec7f0c3fa1a1b320"},
]

[[package]]
name = "nodeenv"
version = "1.9.1"
description = "Node.js virtual environment builder"
optional = false
python-versions = "!=3.0.*,!=3.1.*,!=3.2.*,!=3.3.*,!=3.4.*,!=3.5.*,!=3.6.*,>=2.7"
files = [
    {file = "nodeenv-1.9.1-py2.py3-none-any.whl", hash = "sha256:ba11c9782d29c27c70ffbdda2d7415098754709be8a7056d79a737cd901155c9"},
    {file = "nodeenv-1.9.1.tar.gz", hash = "sha256:6ec12890a2dab7946721edbfbcd91f3319c6ccc9aec47be7c7e6b7011ee6645f"},
]

[[package]]
name = "platformdirs"
version = "4.2.2"
description = "A small Python package for determining appropriate platform-specific dirs, e.g. a `user data dir`."
optional = false
python-versions = ">=3.8"
files = [
    {file = "platformdirs-4.2.2-py3-none-any.whl", hash = "sha256:2d7a1657e36a80ea911db832a8a6ece5ee53d8de21edd5cc5879af6530b1bfee"},
    {file = "platformdirs-4.2.2.tar.gz", hash = "sha256:38b7b51f512eed9e84a22788b4bce1de17c0adb134d6becb09836e37d8654cd3"},
]

[package.extras]
docs = ["furo (>=2023.9.10)", "proselint (>=0.13)", "sphinx (>=7.2.6)", "sphinx-autodoc-typehints (>=1.25.2)"]
test = ["appdirs (==1.4.4)", "covdefaults (>=2.3)", "pytest (>=7.4.3)", "pytest-cov (>=4.1)", "pytest-mock (>=3.12)"]
type = ["mypy (>=1.8)"]

[[package]]
name = "pygments"
version = "2.18.0"
description = "Pygments is a syntax highlighting package written in Python."
optional = false
python-versions = ">=3.8"
files = [
    {file = "pygments-2.18.0-py3-none-any.whl", hash = "sha256:b8e6aca0523f3ab76fee51799c488e38782ac06eafcf95e7ba832985c8e7b13a"},
    {file = "pygments-2.18.0.tar.gz", hash = "sha256:786ff802f32e91311bff3889f6e9a86e81505fe99f2735bb6d60ae0c5004f199"},
]

[package.extras]
windows-terminal = ["colorama (>=0.4.6)"]

[[package]]
name = "pyright"
version = "1.1.370"
description = "Command line wrapper for pyright"
optional = false
python-versions = ">=3.7"
files = [
    {file = "pyright-1.1.370-py3-none-any.whl", hash = "sha256:fc721601e480a69989775bfc210534a6ca0110ebd0c065244a8d3a151294fc61"},
    {file = "pyright-1.1.370.tar.gz", hash = "sha256:d0d559d506fc41e3297f721aaa05a1b9f06beda5acc9ac64ca371ce94c28f960"},
]

[package.dependencies]
nodeenv = ">=1.6.0"

[package.extras]
all = ["twine (>=3.4.1)"]
dev = ["twine (>=3.4.1)"]

[[package]]
name = "python-dateutil"
version = "2.9.0.post0"
description = "Extensions to the standard Python datetime module"
optional = false
python-versions = "!=3.0.*,!=3.1.*,!=3.2.*,>=2.7"
files = [
    {file = "python-dateutil-2.9.0.post0.tar.gz", hash = "sha256:37dd54208da7e1cd875388217d5e00ebd4179249f90fb72437e91a35459a0ad3"},
    {file = "python_dateutil-2.9.0.post0-py2.py3-none-any.whl", hash = "sha256:a8b2bc7bffae282281c8140a97d3aa9c14da0b136dfe83f850eea9a5f7470427"},
]

[package.dependencies]
six = ">=1.5"

[[package]]
name = "rich"
version = "13.7.1"
description = "Render rich text, tables, progress bars, syntax highlighting, markdown and more to the terminal"
optional = false
python-versions = ">=3.7.0"
files = [
    {file = "rich-13.7.1-py3-none-any.whl", hash = "sha256:4edbae314f59eb482f54e9e30bf00d33350aaa94f4bfcd4e9e3110e64d0d7222"},
    {file = "rich-13.7.1.tar.gz", hash = "sha256:9be308cb1fe2f1f57d67ce99e95af38a1e2bc71ad9813b0e247cf7ffbcc3a432"},
]

[package.dependencies]
markdown-it-py = ">=2.2.0"
pygments = ">=2.13.0,<3.0.0"

[package.extras]
jupyter = ["ipywidgets (>=7.5.1,<9)"]

[[package]]
name = "ruff"
version = "0.5.1"
description = "An extremely fast Python linter and code formatter, written in Rust."
optional = false
python-versions = ">=3.7"
files = [
    {file = "ruff-0.5.1-py3-none-linux_armv6l.whl", hash = "sha256:6ecf968fcf94d942d42b700af18ede94b07521bd188aaf2cd7bc898dd8cb63b6"},
    {file = "ruff-0.5.1-py3-none-macosx_10_12_x86_64.whl", hash = "sha256:204fb0a472f00f2e6280a7c8c7c066e11e20e23a37557d63045bf27a616ba61c"},
    {file = "ruff-0.5.1-py3-none-macosx_11_0_arm64.whl", hash = "sha256:d235968460e8758d1e1297e1de59a38d94102f60cafb4d5382033c324404ee9d"},
    {file = "ruff-0.5.1-py3-none-manylinux_2_17_aarch64.manylinux2014_aarch64.whl", hash = "sha256:38beace10b8d5f9b6bdc91619310af6d63dd2019f3fb2d17a2da26360d7962fa"},
    {file = "ruff-0.5.1-py3-none-manylinux_2_17_armv7l.manylinux2014_armv7l.whl", hash = "sha256:5e478d2f09cf06add143cf8c4540ef77b6599191e0c50ed976582f06e588c994"},
    {file = "ruff-0.5.1-py3-none-manylinux_2_17_i686.manylinux2014_i686.whl", hash = "sha256:f0368d765eec8247b8550251c49ebb20554cc4e812f383ff9f5bf0d5d94190b0"},
    {file = "ruff-0.5.1-py3-none-manylinux_2_17_ppc64.manylinux2014_ppc64.whl", hash = "sha256:3a9a9a1b582e37669b0138b7c1d9d60b9edac880b80eb2baba6d0e566bdeca4d"},
    {file = "ruff-0.5.1-py3-none-manylinux_2_17_ppc64le.manylinux2014_ppc64le.whl", hash = "sha256:bdd9f723e16003623423affabcc0a807a66552ee6a29f90eddad87a40c750b78"},
    {file = "ruff-0.5.1-py3-none-manylinux_2_17_s390x.manylinux2014_s390x.whl", hash = "sha256:be9fd62c1e99539da05fcdc1e90d20f74aec1b7a1613463ed77870057cd6bd96"},
    {file = "ruff-0.5.1-py3-none-manylinux_2_17_x86_64.manylinux2014_x86_64.whl", hash = "sha256:e216fc75a80ea1fbd96af94a6233d90190d5b65cc3d5dfacf2bd48c3e067d3e1"},
    {file = "ruff-0.5.1-py3-none-musllinux_1_2_aarch64.whl", hash = "sha256:c4c2112e9883a40967827d5c24803525145e7dab315497fae149764979ac7929"},
    {file = "ruff-0.5.1-py3-none-musllinux_1_2_armv7l.whl", hash = "sha256:dfaf11c8a116394da3b65cd4b36de30d8552fa45b8119b9ef5ca6638ab964fa3"},
    {file = "ruff-0.5.1-py3-none-musllinux_1_2_i686.whl", hash = "sha256:d7ceb9b2fe700ee09a0c6b192c5ef03c56eb82a0514218d8ff700f6ade004108"},
    {file = "ruff-0.5.1-py3-none-musllinux_1_2_x86_64.whl", hash = "sha256:bac6288e82f6296f82ed5285f597713acb2a6ae26618ffc6b429c597b392535c"},
    {file = "ruff-0.5.1-py3-none-win32.whl", hash = "sha256:5c441d9c24ec09e1cb190a04535c5379b36b73c4bc20aa180c54812c27d1cca4"},
    {file = "ruff-0.5.1-py3-none-win_amd64.whl", hash = "sha256:b1789bf2cd3d1b5a7d38397cac1398ddf3ad7f73f4de01b1e913e2abc7dfc51d"},
    {file = "ruff-0.5.1-py3-none-win_arm64.whl", hash = "sha256:2875b7596a740cbbd492f32d24be73e545a4ce0a3daf51e4f4e609962bfd3cd2"},
    {file = "ruff-0.5.1.tar.gz", hash = "sha256:3164488aebd89b1745b47fd00604fb4358d774465f20d1fcd907f9c0fc1b0655"},
]

[[package]]
name = "six"
version = "1.16.0"
description = "Python 2 and 3 compatibility utilities"
optional = false
python-versions = ">=2.7, !=3.0.*, !=3.1.*, !=3.2.*"
files = [
    {file = "six-1.16.0-py2.py3-none-any.whl", hash = "sha256:8abb2f1d86890a2dfb989f9a77cfcfd3e47c2a354b01111771326f8aa26e0254"},
    {file = "six-1.16.0.tar.gz", hash = "sha256:1e61c37477a1626458e36f7b1d82aa5c9b094fa4802892072e49de9c60c4c926"},
]

[[package]]
name = "sniffio"
version = "1.3.1"
description = "Sniff out which async library your code is running under"
optional = false
python-versions = ">=3.7"
files = [
    {file = "sniffio-1.3.1-py3-none-any.whl", hash = "sha256:2f6da418d1f1e0fddd844478f41680e794e6051915791a034ff65e5f100525a2"},
    {file = "sniffio-1.3.1.tar.gz", hash = "sha256:f4324edc670a0f49750a81b895f35c3adb843cca46f0530f79fc1babb23789dc"},
]

[[package]]
name = "tomlkit"
version = "0.12.5"
description = "Style preserving TOML library"
optional = false
python-versions = ">=3.7"
files = [
    {file = "tomlkit-0.12.5-py3-none-any.whl", hash = "sha256:af914f5a9c59ed9d0762c7b64d3b5d5df007448eb9cd2edc8a46b1eafead172f"},
    {file = "tomlkit-0.12.5.tar.gz", hash = "sha256:eef34fba39834d4d6b73c9ba7f3e4d1c417a4e56f89a7e96e090dd0d24b8fb3c"},
]

[[package]]
name = "types-python-dateutil"
version = "2.9.0.20240316"
description = "Typing stubs for python-dateutil"
optional = false
python-versions = ">=3.8"
files = [
    {file = "types-python-dateutil-2.9.0.20240316.tar.gz", hash = "sha256:5d2f2e240b86905e40944dd787db6da9263f0deabef1076ddaed797351ec0202"},
    {file = "types_python_dateutil-2.9.0.20240316-py3-none-any.whl", hash = "sha256:6b8cb66d960771ce5ff974e9dd45e38facb81718cc1e208b10b1baccbfdbee3b"},
]

[[package]]
name = "tzdata"
version = "2024.1"
description = "Provider of IANA time zone data"
optional = false
python-versions = ">=2"
files = [
    {file = "tzdata-2024.1-py2.py3-none-any.whl", hash = "sha256:9068bc196136463f5245e51efda838afa15aaeca9903f49050dfa2679db4d252"},
    {file = "tzdata-2024.1.tar.gz", hash = "sha256:2674120f8d891909751c38abcdfd386ac0a5a1127954fbc332af6b5ceae07efd"},
]

[[package]]
name = "whenever"
version = "0.6.2"
description = "Modern datetime library for Python, written in Rust"
optional = false
python-versions = ">=3.9"
files = [
    {file = "whenever-0.6.2-cp310-cp310-macosx_10_12_x86_64.whl", hash = "sha256:8679d859ae153473568ac78f2e5e9cee3d8defc768223e27dbd58072788c11ed"},
    {file = "whenever-0.6.2-cp310-cp310-macosx_11_0_arm64.whl", hash = "sha256:42bc53dc28a10e75d5ab2dac6ffd262f907591fa6080ce8b31d600004faf5574"},
    {file = "whenever-0.6.2-cp310-cp310-manylinux_2_17_aarch64.manylinux2014_aarch64.whl", hash = "sha256:59fa4f936eb38c17f53f3b008dadc000e1218010872b2b568ccbe64c18da6f5d"},
    {file = "whenever-0.6.2-cp310-cp310-manylinux_2_17_armv7l.manylinux2014_armv7l.whl", hash = "sha256:660d7a7be86a0c00d441b9a15f41df18f6d7477c7175183af406d14f7741b0f8"},
    {file = "whenever-0.6.2-cp310-cp310-manylinux_2_17_ppc64le.manylinux2014_ppc64le.whl", hash = "sha256:ec30380ff8f2e7d1050041bb20988cb43ae8768a90db2180b9cfa69378075f29"},
    {file = "whenever-0.6.2-cp310-cp310-manylinux_2_17_s390x.manylinux2014_s390x.whl", hash = "sha256:13da06ddc6b642ea1d7b35bf4bb460f9040a8944f29c9f8cbba41c7dbff0ef37"},
    {file = "whenever-0.6.2-cp310-cp310-manylinux_2_17_x86_64.manylinux2014_x86_64.whl", hash = "sha256:515acb648b054909d77c45dd34bf641801584c086eb9cb7d39c728a1d4ace991"},
    {file = "whenever-0.6.2-cp310-cp310-manylinux_2_5_i686.manylinux1_i686.whl", hash = "sha256:bec5165e0040f4de53069474b7e75fcf6ee2e2d217b7ecb0000855c50744545f"},
    {file = "whenever-0.6.2-cp310-cp310-musllinux_1_2_aarch64.whl", hash = "sha256:0f8e197cb800f63038629dd5184a702b8feb36bb7defaf8f6ad534918d5303fa"},
    {file = "whenever-0.6.2-cp310-cp310-musllinux_1_2_armv7l.whl", hash = "sha256:8d8e7ac7eb003ef16c6c92f5ee4407209d0f1e5d01c0e45b5b7f8d9094f6db13"},
    {file = "whenever-0.6.2-cp310-cp310-musllinux_1_2_i686.whl", hash = "sha256:420e53116394464425b8e909ba3ca6fb261904c82ec79d714fc2dae56da50856"},
    {file = "whenever-0.6.2-cp310-cp310-musllinux_1_2_x86_64.whl", hash = "sha256:931b9d7acbabc6d5dd58216993dd7a81bf00d9cf7eae0e0cbfd9b7c74bce0a7a"},
    {file = "whenever-0.6.2-cp310-none-win32.whl", hash = "sha256:04d10a10a7a9e7c840eae934b84f34573fbc687c9bb83b5fc95d5455cf55c658"},
    {file = "whenever-0.6.2-cp310-none-win_amd64.whl", hash = "sha256:04289cb9e035d60080e0226e5408a7c9d329d8ffa3d2eecfce5578b54c8bf1dd"},
    {file = "whenever-0.6.2-cp311-cp311-macosx_10_12_x86_64.whl", hash = "sha256:d1e4758cd7210c8b602a4ba94d90957c4115301ebaf8618ec757b99ace13c4f6"},
    {file = "whenever-0.6.2-cp311-cp311-macosx_11_0_arm64.whl", hash = "sha256:905c25149d58bb0dd586f5a54abef95c0935d9ceda535f7cb9b85c5a7313c4a2"},
    {file = "whenever-0.6.2-cp311-cp311-manylinux_2_17_aarch64.manylinux2014_aarch64.whl", hash = "sha256:1125dd6eaffad34968c98bb99832f2e6451929ccd5d77a27cc7dc4d06ea9ec49"},
    {file = "whenever-0.6.2-cp311-cp311-manylinux_2_17_armv7l.manylinux2014_armv7l.whl", hash = "sha256:cff1a54e3976af12fac8c10b5fbe37c6b5591e3a5587e60e47f002b8ff8a50ae"},
    {file = "whenever-0.6.2-cp311-cp311-manylinux_2_17_ppc64le.manylinux2014_ppc64le.whl", hash = "sha256:6bf7776629a5a9e0909acfc97af1d10a5516c5b5711ff388c018a309171ee728"},
    {file = "whenever-0.6.2-cp311-cp311-manylinux_2_17_s390x.manylinux2014_s390x.whl", hash = "sha256:7dfe913fc6696efdf5bd661591189d7d7a2e72d64480dfa5cdc590f856674485"},
    {file = "whenever-0.6.2-cp311-cp311-manylinux_2_17_x86_64.manylinux2014_x86_64.whl", hash = "sha256:2c378234e5c272c43adb2c1c1fbb80777f72cb413b28fa63992ced3b03a3332c"},
    {file = "whenever-0.6.2-cp311-cp311-manylinux_2_5_i686.manylinux1_i686.whl", hash = "sha256:696ff9abb49c9fdcf6643d5b7dc9d784d50484495b3f902622ac9fce0056c8fc"},
    {file = "whenever-0.6.2-cp311-cp311-musllinux_1_2_aarch64.whl", hash = "sha256:10ad7aa2e58a519e20260dd6cbb23afc9a1539d12b16a60ccc1e71b32288498d"},
    {file = "whenever-0.6.2-cp311-cp311-musllinux_1_2_armv7l.whl", hash = "sha256:6850c359b6bcaf85c86b6b7c73e0e0885b5b30752fda5a4a4f0604d1c5b5792a"},
    {file = "whenever-0.6.2-cp311-cp311-musllinux_1_2_i686.whl", hash = "sha256:f03137bb40a0bfba3f4241bbf452d39857cbe544e1d9d28e10ad13a067753be8"},
    {file = "whenever-0.6.2-cp311-cp311-musllinux_1_2_x86_64.whl", hash = "sha256:f675e55b507e8673a8b4b5543e33bbb8ff20673b3847ed22bdb71e9e8d155c5b"},
    {file = "whenever-0.6.2-cp311-none-win32.whl", hash = "sha256:5c3626b1fa4ce7c337ba9d9b072b5c8b8df1789023c7e57f978d923aab2e5189"},
    {file = "whenever-0.6.2-cp311-none-win_amd64.whl", hash = "sha256:c0d1b8685e52951e4bda90494d750800cea71f326f2f79bd10f6a0f18541e75e"},
    {file = "whenever-0.6.2-cp312-cp312-macosx_10_12_x86_64.whl", hash = "sha256:ff2d7dc0f44c1ab9d7f004910210522470ecfd2d911ee95ba0824ceb3c3f4666"},
    {file = "whenever-0.6.2-cp312-cp312-macosx_11_0_arm64.whl", hash = "sha256:d68e030e12c5ba9c9b0e67b51e66fe8c9ebd82971ef61c76e77b0b6a14d9ccea"},
    {file = "whenever-0.6.2-cp312-cp312-manylinux_2_17_aarch64.manylinux2014_aarch64.whl", hash = "sha256:e4f1a85bed3e8d2def2e23bbf7649428a16720cce1742317328a24262538e883"},
    {file = "whenever-0.6.2-cp312-cp312-manylinux_2_17_armv7l.manylinux2014_armv7l.whl", hash = "sha256:6329b50a7e26cdcebfc6edf80adf04f02343dfe8559f1addab351de70229d00e"},
    {file = "whenever-0.6.2-cp312-cp312-manylinux_2_17_ppc64le.manylinux2014_ppc64le.whl", hash = "sha256:0c50445f2693a9912e11b9cdc1ad36aa0b8d67fa30642091fef9c68676e5aabe"},
    {file = "whenever-0.6.2-cp312-cp312-manylinux_2_17_s390x.manylinux2014_s390x.whl", hash = "sha256:29ae2feedfbc155f85dbc1868222325bab2544e8cda3577b61b86721d4d47e35"},
    {file = "whenever-0.6.2-cp312-cp312-manylinux_2_17_x86_64.manylinux2014_x86_64.whl", hash = "sha256:a32fc9beeb54d7760fca0097b4da1cafd1bb5b4cde5b5473f568300deef5f24a"},
    {file = "whenever-0.6.2-cp312-cp312-manylinux_2_5_i686.manylinux1_i686.whl", hash = "sha256:bbb79a51118f2d4775cf377af61f917f4c0f32c62f0b622387dd033b3ee3c274"},
    {file = "whenever-0.6.2-cp312-cp312-musllinux_1_2_aarch64.whl", hash = "sha256:aed2705a841266418477b3972e8d7ef232e43a9c64267a4b8fb8a08878e43b0d"},
    {file = "whenever-0.6.2-cp312-cp312-musllinux_1_2_armv7l.whl", hash = "sha256:94d4e3388760d0276d2266191da053b36160c72be31df3b2ac2773c3d7253d1f"},
    {file = "whenever-0.6.2-cp312-cp312-musllinux_1_2_i686.whl", hash = "sha256:9ee8e54a72befe9fb73355578d9ad9c0e142ab167de881589abe65839b61bee4"},
    {file = "whenever-0.6.2-cp312-cp312-musllinux_1_2_x86_64.whl", hash = "sha256:9b42f78fb4b591129a34243f3a214a68242ae92fc86f44d6c6503877c8903148"},
    {file = "whenever-0.6.2-cp312-none-win32.whl", hash = "sha256:a788c882b788979b0ab1d9237c8fe878a9f9e786b0961c8c343775d2a1af34ec"},
    {file = "whenever-0.6.2-cp312-none-win_amd64.whl", hash = "sha256:beb9dc802b23536c87bb610852053f27a413222f57825f5fde19b7fed1802d7b"},
    {file = "whenever-0.6.2-cp39-cp39-macosx_10_12_x86_64.whl", hash = "sha256:3dc31408f93f3f4796d2d84599abfb5d6bab38bc375940fa5f8167df64e518b8"},
    {file = "whenever-0.6.2-cp39-cp39-macosx_11_0_arm64.whl", hash = "sha256:5ee3f824f063b5e627e4d6705abcf1d9cb8ef2bd69d1e5352083ff876a4bb1bb"},
    {file = "whenever-0.6.2-cp39-cp39-manylinux_2_17_aarch64.manylinux2014_aarch64.whl", hash = "sha256:0ef4c0a65e1616b2c9de4124acb9a81a613c01909b524a19895c3fcc6753f8f6"},
    {file = "whenever-0.6.2-cp39-cp39-manylinux_2_17_armv7l.manylinux2014_armv7l.whl", hash = "sha256:2fe0439e8ced1170314ef1fec47612423395f3cd05086a784d68861ed354bedc"},
    {file = "whenever-0.6.2-cp39-cp39-manylinux_2_17_ppc64le.manylinux2014_ppc64le.whl", hash = "sha256:4a54c689d357954f034ae170dd74399e6f94f563285546c68f44c67f37f500e5"},
    {file = "whenever-0.6.2-cp39-cp39-manylinux_2_17_s390x.manylinux2014_s390x.whl", hash = "sha256:3f21224ab3510322e99940fc45081f9b2eb9a5a352d14a6df634e6f296f39081"},
    {file = "whenever-0.6.2-cp39-cp39-manylinux_2_17_x86_64.manylinux2014_x86_64.whl", hash = "sha256:fefab45d40443adce9a34aba1170f89598d62bdd0e27bec0767eecbe78987ba0"},
    {file = "whenever-0.6.2-cp39-cp39-manylinux_2_5_i686.manylinux1_i686.whl", hash = "sha256:6b276ed5c7558a279583302813a61b00318d1e7f43788b6b3be47883df00f2cc"},
    {file = "whenever-0.6.2-cp39-cp39-musllinux_1_2_aarch64.whl", hash = "sha256:b0a93ba8224e2383de63eb8d5e25d5747f4f9bc7239ea8747f957ebecec702bb"},
    {file = "whenever-0.6.2-cp39-cp39-musllinux_1_2_armv7l.whl", hash = "sha256:1ee9c9571872a3773b923e0522f1d8dc8f77ea6e68b7c6fc9159ce3fb1fcc1da"},
    {file = "whenever-0.6.2-cp39-cp39-musllinux_1_2_i686.whl", hash = "sha256:54f4972c32ce636b5b08bb443f258dd28316622547d2c061452474cac713ccb3"},
    {file = "whenever-0.6.2-cp39-cp39-musllinux_1_2_x86_64.whl", hash = "sha256:ebb6ab4aca4c76fea3ddd466d04077780c45defd78762e31e64b3ee873f6dc7e"},
    {file = "whenever-0.6.2-cp39-none-win32.whl", hash = "sha256:60a7221b6b6e22fbf854480726d6522b98bcacb185977e91db6f43f8d4bff479"},
    {file = "whenever-0.6.2-cp39-none-win_amd64.whl", hash = "sha256:6359be5f7d91ecc626b513504fecd46ab2657453dc37be23251fde12bc2a07ed"},
    {file = "whenever-0.6.2.tar.gz", hash = "sha256:19e4b4ce78622195966c8051b66ae002ccbc94b0b9f3471aced6c3998cf159dd"},
]

[package.dependencies]
tzdata = {version = ">=2020.1", markers = "sys_platform == \"win32\""}

[metadata]
lock-version = "2.0"
python-versions = ">=3.12"
content-hash = "cbb5ba96bb206bd29607b0016516de6782b48eddac65575eb882c173e4a4357e"
